# This file is automatically @generated by Cargo.
# It is not intended for manual editing.
version = 4

[[package]]
name = "cc"
version = "1.2.56"
source = "registry+https://github.com/rust-lang/crates.io-index"
checksum = "aebf35691d1bfb0ac386a69bac2fde4dd276fb618cf8bf4f5318fe285e821bb2"
dependencies = [
 "find-msvc-tools",
 "shlex",
]

[[package]]
name = "find-msvc-tools"
version = "0.1.9"
source = "registry+https://github.com/rust-lang/crates.io-index"
checksum = "5baebc0774151f905a1a2cc41989300b1e6fbb29aff0ceffa1064fdd3088d582"

[[package]]
name = "heck"
version = "0.5.0"
source = "registry+https://github.com/rust-lang/crates.io-index"
checksum = "2304e00983f87ffb38b55b444b5e3b60a884b5d30c0fca7d82fe33449bbe55ea"

[[package]]
name = "libc"
version = "0.2.182"
source = "registry+https://github.com/rust-lang/crates.io-index"
checksum = "6800badb6cb2082ffd7b6a67e6125bb39f18782f793520caee8cb8846be06112"

[[package]]
name = "once_cell"
version = "1.21.3"
source = "registry+https://github.com/rust-lang/crates.io-index"
checksum = "42f5e15c9953c5e4ccceeb2e7382a716482c34515315f7b03532b8b4e8393d2d"

[[package]]
name = "portable-atomic"
version = "1.13.1"
source = "registry+https://github.com/rust-lang/crates.io-index"
checksum = "c33a9471896f1c69cecef8d20cbe2f7accd12527ce60845ff44c153bb2a21b49"

[[package]]
name = "proc-macro2"
version = "1.0.106"
source = "registry+https://github.com/rust-lang/crates.io-index"
checksum = "8fd00f0bb2e90d81d1044c2b32617f68fcb9fa3bb7640c23e9c748e53fb30934"
dependencies = [
 "unicode-ident",
]

[[package]]
name = "pyo3"
version = "0.28.1"
source = "registry+https://github.com/rust-lang/crates.io-index"
checksum = "14c738662e2181be11cb82487628404254902bb3225d8e9e99c31f3ef82a405c"
dependencies = [
 "libc",
 "once_cell",
 "portable-atomic",
 "pyo3-build-config",
 "pyo3-ffi",
 "pyo3-macros",
]

[[package]]
name = "pyo3-build-config"
version = "0.28.1"
source = "registry+https://github.com/rust-lang/crates.io-index"
checksum = "f9ca0864a7dd3c133a7f3f020cbff2e12e88420da854c35540fd20ce2d60e435"
dependencies = [
 "python3-dll-a",
 "target-lexicon",
]

[[package]]
name = "pyo3-ffi"
version = "0.28.1"
source = "registry+https://github.com/rust-lang/crates.io-index"
checksum = "9dfc1956b709823164763a34cc42bbfd26b8730afa77809a3df8b94a3ae3b059"
dependencies = [
 "libc",
 "pyo3-build-config",
]

[[package]]
name = "pyo3-macros"
version = "0.28.1"
source = "registry+https://github.com/rust-lang/crates.io-index"
checksum = "29dc660ad948bae134d579661d08033fbb1918f4529c3bbe3257a68f2009ddf2"
dependencies = [
 "proc-macro2",
 "pyo3-macros-backend",
 "quote",
 "syn",
]

[[package]]
name = "pyo3-macros-backend"
version = "0.28.1"
source = "registry+https://github.com/rust-lang/crates.io-index"
checksum = "e78cd6c6d718acfcedf26c3d21fe0f053624368b0d44298c55d7138fde9331f7"
dependencies = [
 "heck",
 "proc-macro2",
 "pyo3-build-config",
 "quote",
 "syn",
]

[[package]]
name = "python3-dll-a"
version = "0.2.14"
source = "registry+https://github.com/rust-lang/crates.io-index"
checksum = "d381ef313ae70b4da5f95f8a4de773c6aa5cd28f73adec4b4a31df70b66780d8"
dependencies = [
 "cc",
]

[[package]]
name = "quote"
version = "1.0.44"
source = "registry+https://github.com/rust-lang/crates.io-index"
checksum = "21b2ebcf727b7760c461f091f9f0f539b77b8e87f2fd88131e7f1b433b3cece4"
dependencies = [
 "proc-macro2",
]

[[package]]
name = "shlex"
version = "1.3.0"
source = "registry+https://github.com/rust-lang/crates.io-index"
checksum = "0fda2ff0d084019ba4d7c6f371c95d8fd75ce3524c3cb8fb653a3023f6323e64"

[[package]]
name = "syn"
version = "2.0.115"
source = "registry+https://github.com/rust-lang/crates.io-index"
checksum = "6e614ed320ac28113fa64972c4262d5dbc89deacdfd00c34a3e4cea073243c12"
dependencies = [
 "proc-macro2",
 "quote",
 "unicode-ident",
]

[[package]]
name = "target-lexicon"
version = "0.13.4"
source = "registry+https://github.com/rust-lang/crates.io-index"
checksum = "b1dd07eb858a2067e2f3c7155d54e929265c264e6f37efe3ee7a8d1b5a1dd0ba"

[[package]]
name = "thiserror"
version = "2.0.18"
source = "registry+https://github.com/rust-lang/crates.io-index"
checksum = "4288b5bcbc7920c07a1149a35cf9590a2aa808e0bc1eafaade0b80947865fbc4"
dependencies = [
 "thiserror-impl",
]

[[package]]
name = "thiserror-impl"
version = "2.0.18"
source = "registry+https://github.com/rust-lang/crates.io-index"
checksum = "ebc4ee7f67670e9b64d05fa4253e753e016c6c95ff35b89b7941d6b856dec1d5"
dependencies = [
 "proc-macro2",
 "quote",
 "syn",
]

[[package]]
name = "unicode-ident"
version = "1.0.23"
source = "registry+https://github.com/rust-lang/crates.io-index"
checksum = "537dd038a89878be9b64dd4bd1b260315c1bb94f4d784956b81e27a088d9a09e"

[[package]]
name = "xiangting"
version = "5.0.4"
source = "registry+https://github.com/rust-lang/crates.io-index"
checksum = "301c7c4b20ba06c67e5360ba47fb25b3922a1bd89b6de0fc52cfa72cf0e132fa"
dependencies = [
 "thiserror",
]

[[package]]
name = "xiangting-py"
version = "5.0.3"
dependencies = [
 "pyo3",
 "xiangting",
]
